name: Special teams player selection

on:
  push:
    branches:
      - main
    paths:
      - '.github/workflows/format-and-clock.yml'
  workflow_dispatch:

permissions:
  contents: write

jobs:
  migrate:
    runs-on: ubuntu-latest
    steps:
      - uses: actions/checkout@v4
      - name: Add special teams player selection
        run: python3 .github/scripts/update_quarters.py
      - name: Format tracker
        run: npx --yes prettier@3.3.3 --write index.html
      - name: Commit changes
        run: |
          git config user.name github-actions-bot
          git config user.email github-actions-bot@users.noreply.github.com
          git add index.html
          if ! git diff --cached --quiet; then
            git commit -m "Require player selection for special teams plays"
            git push
          fi
